
Microsoft Visual Studio Solution File, Format Version 12.00
# Visual Studio Version 16
VisualStudioVersion = 16.0.29311.281
MinimumVisualStudioVersion = 10.0.40219.1
Project("{FAE04EC0-301F-11D3-BF4B-00C04F79EFBC}") = "Bunny Shooter", "Bunny Shooter\Bunny Shooter.csproj", "{A6942810-5CF6-4BED-93C9-73F9487FC489}"
EndProject
Global
	GlobalSection(SolutionConfigurationPlatforms) = preSolution
		Debug|Any CPU = Debug|Any CPU
		Release|Any CPU = Release|Any CPU
	EndGlobalSection
	GlobalSection(ProjectConfigurationPlatforms) = postSolution
		{A6942810-5CF6-4BED-93C9-73F9487FC489}.Debug|Any CPU.ActiveCfg = Debug|Any CPU
		{A6942810-5CF6-4BED-93C9-73F9487FC489}.Debug|Any CPU.Build.0 = Debug|Any CPU
		{A6942810-5CF6-4BED-93C9-73F9487FC489}.Release|Any CPU.ActiveCfg = Release|Any CPU
		{A6942810-5CF6-4BED-93C9-73F9487FC489}.Release|Any CPU.Build.0 = Release|Any CPU
	EndGlobalSection
	GlobalSection(SolutionProperties) = preSolution
		HideSolutionNode = FALSE
	EndGlobalSection
	GlobalSection(ExtensibilityGlobals) = postSolution
		SolutionGuid = {6B98D157-C149-47C6-8374-C19CBD10AF6A}
	EndGlobalSection
EndGlobal
